github.com/mitchellh/mapstructure v1.1.2 h1:fmNYVwqnSfB9mZU6OS2O6GsXM+wcskZDuKQzvN1EDeE=
github.com/mitchellh/mapstructure v1.1.2/go.mod h1:FVVH3fgwuzCH5S8UJGiWEs2h04kUh9fWfEaFds41c1Y=
github.com/pefish/go-reflect v0.0.4 h1:qj1TiWIz/xetfKrc40eyXQaIerC1cTKAOZgVXi7V8Qs=
github.com/pefish/go-reflect v0.0.4/go.mod h1:lv3gz/Zh2FsqCq8jqzdCgYpoM41AjE90HtknRbkXhjQ=
github.com/pefish/go-reflect v0.1.0 h1:jlvZvB/TmPQF/kh7lJmXB6WqZ8RAS+Aca8XVwxmPBfY=
github.com/pefish/go-reflect v0.1.0/go.mod h1:lv3gz/Zh2FsqCq8jqzdCgYpoM41AjE90HtknRbkXhjQ=
github.com/pefish/go-reflect v0.1.1 h1:ga1xuOwahhGbu5qwoYNeiaTFhYr60Epmxp74YGMpfPk=
github.com/pefish/go-reflect v0.1.1/go.mod h1:lv3gz/Zh2FsqCq8jqzdCgYpoM41AjE90HtknRbkXhjQ=
github.com/pefish/go-reflect v0.2.0/go.mod h1:KTxD5dhPvgUFiL+v2cxvYH/u4qEf7MPI+RouiiMNnRk=
gopkg.in/check.v1 v0.0.0-20161208181325-20d25e280405 h1:yhCVgyC4o1eVCa2tZl7eS0r+SDo693bJlVdllGtEeKM=
gopkg.in/check.v1 v0.0.0-20161208181325-20d25e280405/go.mod h1:Co6ibVJAznAaIkqp8huTwlJQCZ016jof/cbN4VW5Yz0=
gopkg.in/yaml.v2 v2.2.2 h1:ZCJp+EgiOT7lHqUV2J862kp8Qj64Jo6az82+3Td9dZw=
gopkg.in/yaml.v2 v2.2.2/go.mod h1:hI93XBmqTisBFMUTm0b8Fm+jr3Dg1NNxqwp+5A1VGuI=
