github.com/mitchellh/mapstructure v1.5.0 h1:jeMsZIYE/09sWLaz43PL7Gy6RuMjD2eJVyuac5Z2hdY=
github.com/mitchellh/mapstructure v1.5.0/go.mod h1:bFUtVrKA4DC2yAKiSyO/QUcy7e+RRV2QTWOzhPopBRo=
github.com/pefish/go-reflect v0.2.2 h1:rNYU5mMIouRaZyAjDt2/rooNm0zx2IaRBa344Bq1s9o=
github.com/pefish/go-reflect v0.2.2/go.mod h1:J1PmxXVMl+IqyzuL1OndaKqZjkvfKLaZA9LpUCUB99c=
github.com/pefish/go-test-assert v0.0.1 h1:zWV2Hnn/Rtjf+bEOlyB8qF9ThJb7gmXpRPWEqJtjzjg=
github.com/pefish/go-test-assert v0.0.1/go.mod h1:kfcsv5ag411u06gdV4iRKU8D0zOglian/DBacnCoQdc=
github.com/pkg/errors v0.9.1 h1:FEBLx1zS214owpjy7qsBeixbURkuhQAwrK5UwLGTwt4=
github.com/pkg/errors v0.9.1/go.mod h1:bwawxfHBFNV+L2hUp1rHADufV3IMtnDRdf1r5NINEl0=
gopkg.in/check.v1 v0.0.0-20161208181325-20d25e280405 h1:yhCVgyC4o1eVCa2tZl7eS0r+SDo693bJlVdllGtEeKM=
gopkg.in/check.v1 v0.0.0-20161208181325-20d25e280405/go.mod h1:Co6ibVJAznAaIkqp8huTwlJQCZ016jof/cbN4VW5Yz0=
gopkg.in/yaml.v2 v2.2.2 h1:ZCJp+EgiOT7lHqUV2J862kp8Qj64Jo6az82+3Td9dZw=
gopkg.in/yaml.v2 v2.2.2/go.mod h1:hI93XBmqTisBFMUTm0b8Fm+jr3Dg1NNxqwp+5A1VGuI=
